github.com/google/uuid v1.6.0 h1:NIvaJDMOsjHA8n1jAhLSgzrAzy1Hgr+hNrb57e+94F0=
github.com/google/uuid v1.6.0/go.mod h1:TIyPZe4MgqvfeYDBFedMoGGpEw/LqOeaOT+nhxU+yHo=
github.com/zoobz-io/capitan v1.0.2 h1:/NKAgntWeRIN4S0oaZJNk6qaYuDN/Gw68+81kLbkLrc=
github.com/zoobz-io/capitan v1.0.2/go.mod h1:tFqS6q99gRvgYBzvFIfJMDV1ukWU61H6ZB4HyZmiWuI=
github.com/zoobz-io/clockz v1.0.2 h1:7ejfwTlaeNaVlLWW0pl1ZHfsaq3Iwg5vCphrvJMDNXI=
github.com/zoobz-io/clockz v1.0.2/go.mod h1:kkUNGMtZ5r349253S1uOuLR/6YkC+qt8C8UIypFhn8o=
github.com/zoobz-io/pipz v1.0.5 h1:PEY7KhIV+PFPseRcFVbo2gHoCFjKcDPz040/46jzcmM=
github.com/zoobz-io/pipz v1.0.5/go.mod h1:Fqif5Ciw0GViOA1FbR2BBnSeOF0fWB9MCQ//ViGuGhs=
gopkg.in/check.v1 v0.0.0-20161208181325-20d25e280405 h1:yhCVgyC4o1eVCa2tZl7eS0r+SDo693bJlVdllGtEeKM=
gopkg.in/check.v1 v0.0.0-20161208181325-20d25e280405/go.mod h1:Co6ibVJAznAaIkqp8huTwlJQCZ016jof/cbN4VW5Yz0=
gopkg.in/yaml.v3 v3.0.1 h1:fxVm/GzAzEWqLHuvctI91KS9hhNmmWOoWu0XTYJS7CA=
gopkg.in/yaml.v3 v3.0.1/go.mod h1:K4uyk7z7BCEPqu6E+C64Yfv1cQ7kz7rIZviUmN+EgEM=
